
Microsoft Visual Studio Solution File, Format Version 12.00
# Visual Studio 15
Project("{FAE04EC0-301F-11D3-BF4B-00C04F79EFBC}") = "Assembly-CSharp", "Assembly-CSharp.csproj", "{83EC4A64-6E4B-036F-885D-2F9AB0129689}"
EndProject
Project("{FAE04EC0-301F-11D3-BF4B-00C04F79EFBC}") = "Assembly-CSharp-firstpass", "Assembly-CSharp-firstpass.csproj", "{D4DC5CF1-0C9F-2706-9CF3-80DCF39BFC90}"
EndProject
Project("{FAE04EC0-301F-11D3-BF4B-00C04F79EFBC}") = "Assembly-CSharp-Editor", "Assembly-CSharp-Editor.csproj", "{E9EF9F15-F0EE-028B-A5F4-1089B5D309F5}"
EndProject
Project("{FAE04EC0-301F-11D3-BF4B-00C04F79EFBC}") = "Assembly-CSharp-Editor-firstpass", "Assembly-CSharp-Editor-firstpass.csproj", "{3A1E08BA-D2FF-B9BB-96B4-2BDC47941641}"
EndProject
Global
	GlobalSection(SolutionConfigurationPlatforms) = preSolution
		Debug|Any CPU = Debug|Any CPU
		Release|Any CPU = Release|Any CPU
	EndGlobalSection
	GlobalSection(ProjectConfigurationPlatforms) = postSolution
		{83EC4A64-6E4B-036F-885D-2F9AB0129689}.Debug|Any CPU.ActiveCfg = Debug|Any CPU
		{83EC4A64-6E4B-036F-885D-2F9AB0129689}.Debug|Any CPU.Build.0 = Debug|Any CPU
		{83EC4A64-6E4B-036F-885D-2F9AB0129689}.Release|Any CPU.ActiveCfg = Release|Any CPU
		{83EC4A64-6E4B-036F-885D-2F9AB0129689}.Release|Any CPU.Build.0 = Release|Any CPU
		{D4DC5CF1-0C9F-2706-9CF3-80DCF39BFC90}.Debug|Any CPU.ActiveCfg = Debug|Any CPU
		{D4DC5CF1-0C9F-2706-9CF3-80DCF39BFC90}.Debug|Any CPU.Build.0 = Debug|Any CPU
		{D4DC5CF1-0C9F-2706-9CF3-80DCF39BFC90}.Release|Any CPU.ActiveCfg = Release|Any CPU
		{D4DC5CF1-0C9F-2706-9CF3-80DCF39BFC90}.Release|Any CPU.Build.0 = Release|Any CPU
		{E9EF9F15-F0EE-028B-A5F4-1089B5D309F5}.Debug|Any CPU.ActiveCfg = Debug|Any CPU
		{E9EF9F15-F0EE-028B-A5F4-1089B5D309F5}.Debug|Any CPU.Build.0 = Debug|Any CPU
		{E9EF9F15-F0EE-028B-A5F4-1089B5D309F5}.Release|Any CPU.ActiveCfg = Release|Any CPU
		{E9EF9F15-F0EE-028B-A5F4-1089B5D309F5}.Release|Any CPU.Build.0 = Release|Any CPU
		{3A1E08BA-D2FF-B9BB-96B4-2BDC47941641}.Debug|Any CPU.ActiveCfg = Debug|Any CPU
		{3A1E08BA-D2FF-B9BB-96B4-2BDC47941641}.Debug|Any CPU.Build.0 = Debug|Any CPU
		{3A1E08BA-D2FF-B9BB-96B4-2BDC47941641}.Release|Any CPU.ActiveCfg = Release|Any CPU
		{3A1E08BA-D2FF-B9BB-96B4-2BDC47941641}.Release|Any CPU.Build.0 = Release|Any CPU
	EndGlobalSection
	GlobalSection(SolutionProperties) = preSolution
		HideSolutionNode = FALSE
	EndGlobalSection
EndGlobal
